
Microsoft Visual Studio Solution File, Format Version 12.00
Project("{FAE04EC0-301F-11D3-BF4B-00C04F79EFBC}") = "Classwork_7_Toyota_Color_Links_19_08", "Classwork_7_Toyota_Color_Links_19_08\Classwork_7_Toyota_Color_Links_19_08.csproj", "{F85C99E0-1EA4-4672-B18C-3A215BE0D086}"
EndProject
Global
	GlobalSection(SolutionConfigurationPlatforms) = preSolution
		Debug|Any CPU = Debug|Any CPU
		Release|Any CPU = Release|Any CPU
	EndGlobalSection
	GlobalSection(ProjectConfigurationPlatforms) = postSolution
		{F85C99E0-1EA4-4672-B18C-3A215BE0D086}.Debug|Any CPU.ActiveCfg = Debug|Any CPU
		{F85C99E0-1EA4-4672-B18C-3A215BE0D086}.Debug|Any CPU.Build.0 = Debug|Any CPU
		{F85C99E0-1EA4-4672-B18C-3A215BE0D086}.Release|Any CPU.ActiveCfg = Release|Any CPU
		{F85C99E0-1EA4-4672-B18C-3A215BE0D086}.Release|Any CPU.Build.0 = Release|Any CPU
	EndGlobalSection
EndGlobal
